
Microsoft Visual Studio Solution File, Format Version 12.00
# Visual Studio 15
VisualStudioVersion = 15.0.27130.2036
MinimumVisualStudioVersion = 10.0.40219.1
Project("{E24C65DC-7377-472B-9ABA-BC803B73C61A}") = "Practice1", "Practice1\", "{1D102094-451C-40F5-A444-41BEC3AC36AD}"
	ProjectSection(WebsiteProperties) = preProject
		TargetFrameworkMoniker = ".NETFramework,Version%3Dv4.5.2"
		Debug.AspNetCompiler.VirtualPath = "/localhost_59086"
		Debug.AspNetCompiler.PhysicalPath = "Practice1\"
		Debug.AspNetCompiler.TargetPath = "PrecompiledWeb\localhost_59086\"
		Debug.AspNetCompiler.Updateable = "true"
		Debug.AspNetCompiler.ForceOverwrite = "true"
		Debug.AspNetCompiler.FixedNames = "false"
		Debug.AspNetCompiler.Debug = "True"
		Release.AspNetCompiler.VirtualPath = "/localhost_59086"
		Release.AspNetCompiler.PhysicalPath = "Practice1\"
		Release.AspNetCompiler.TargetPath = "PrecompiledWeb\localhost_59086\"
		Release.AspNetCompiler.Updateable = "true"
		Release.AspNetCompiler.ForceOverwrite = "true"
		Release.AspNetCompiler.FixedNames = "false"
		Release.AspNetCompiler.Debug = "False"
		VWDPort = "59086"
		SlnRelativePath = "Practice1\"
		DefaultWebSiteLanguage = "Visual C#"
	EndProjectSection
EndProject
Global
	GlobalSection(SolutionConfigurationPlatforms) = preSolution
		Debug|Any CPU = Debug|Any CPU
	EndGlobalSection
	GlobalSection(ProjectConfigurationPlatforms) = postSolution
		{1D102094-451C-40F5-A444-41BEC3AC36AD}.Debug|Any CPU.ActiveCfg = Debug|Any CPU
		{1D102094-451C-40F5-A444-41BEC3AC36AD}.Debug|Any CPU.Build.0 = Debug|Any CPU
	EndGlobalSection
	GlobalSection(SolutionProperties) = preSolution
		HideSolutionNode = FALSE
	EndGlobalSection
	GlobalSection(ExtensibilityGlobals) = postSolution
		SolutionGuid = {DA8AF8E8-4CD4-483B-A731-C3A177A33B8E}
	EndGlobalSection
EndGlobal
